// !$*UTF8*$!
{
	archiveVersion = 1;
	classes = {
	};
	objectVersion = 50;
	objects = {

/* Begin PBXBuildFile section */
		085909C1847583547B705454 /* libPods-PeopleInSpaceWatch WatchKit Extension.a in Frameworks */ = {isa = PBXBuildFile; fileRef = FD0B69EEAC732E1562EBD3CE /* libPods-PeopleInSpaceWatch WatchKit Extension.a */; };
		1A40FE1E23DB5FC5008428A6 /* libsqlite3.tbd in Frameworks */ = {isa = PBXBuildFile; fileRef = 1A40FE1A23DB5C89008428A6 /* libsqlite3.tbd */; };
		1ACB547624FAD1C50056FEF1 /* libsqlite3.0.tbd in Frameworks */ = {isa = PBXBuildFile; fileRef = 1ACB547524FAD1C00056FEF1 /* libsqlite3.0.tbd */; };
		1ACB547724FAD1DF0056FEF1 /* libsqlite3.0.tbd in Frameworks */ = {isa = PBXBuildFile; fileRef = 1ACB547524FAD1C00056FEF1 /* libsqlite3.0.tbd */; };
		1AFDDD1B272C7C9800FE7CB6 /* ImageView.swift in Sources */ = {isa = PBXBuildFile; fileRef = 1AFDDD1A272C7C9800FE7CB6 /* ImageView.swift */; };
		1AFDDD1D272C7E8500FE7CB6 /* PersonDetailsView.swift in Sources */ = {isa = PBXBuildFile; fileRef = 1AFDDD1C272C7E8500FE7CB6 /* PersonDetailsView.swift */; };
		FD254F9A23BE528600C19A05 /* PeopleInSpaceWatch WatchKit App.app in Embed Watch Content */ = {isa = PBXBuildFile; fileRef = FD254F9923BE528600C19A05 /* PeopleInSpaceWatch WatchKit App.app */; settings = {ATTRIBUTES = (RemoveHeadersOnCopy, ); }; };
		FD254FA023BE528600C19A05 /* Interface.storyboard in Resources */ = {isa = PBXBuildFile; fileRef = FD254F9E23BE528600C19A05 /* Interface.storyboard */; };
		FD254FA223BE528700C19A05 /* Assets.xcassets in Resources */ = {isa = PBXBuildFile; fileRef = FD254FA123BE528700C19A05 /* Assets.xcassets */; };
		FD254FA923BE528700C19A05 /* PeopleInSpaceWatch WatchKit Extension.appex in Embed App Extensions */ = {isa = PBXBuildFile; fileRef = FD254FA823BE528700C19A05 /* PeopleInSpaceWatch WatchKit Extension.appex */; settings = {ATTRIBUTES = (RemoveHeadersOnCopy, ); }; };
		FD254FAE23BE528700C19A05 /* ContentView.swift in Sources */ = {isa = PBXBuildFile; fileRef = FD254FAD23BE528700C19A05 /* ContentView.swift */; };
		FD254FB023BE528700C19A05 /* HostingController.swift in Sources */ = {isa = PBXBuildFile; fileRef = FD254FAF23BE528700C19A05 /* HostingController.swift */; };
		FD254FB223BE528700C19A05 /* ExtensionDelegate.swift in Sources */ = {isa = PBXBuildFile; fileRef = FD254FB123BE528700C19A05 /* ExtensionDelegate.swift */; };
		FD254FB823BE528800C19A05 /* Assets.xcassets in Resources */ = {isa = PBXBuildFile; fileRef = FD254FB723BE528800C19A05 /* Assets.xcassets */; };
		FD254FBB23BE528800C19A05 /* Preview Assets.xcassets in Resources */ = {isa = PBXBuildFile; fileRef = FD254FBA23BE528800C19A05 /* Preview Assets.xcassets */; };
		FD254FCC23BE55DA00C19A05 /* ViewModel.swift in Sources */ = {isa = PBXBuildFile; fileRef = FD254FCB23BE55DA00C19A05 /* ViewModel.swift */; };
/* End PBXBuildFile section */

/* Begin PBXContainerItemProxy section */
		FD254F9B23BE528600C19A05 /* PBXContainerItemProxy */ = {
			isa = PBXContainerItemProxy;
			containerPortal = FD254F8F23BE528500C19A05 /* Project object */;
			proxyType = 1;
			remoteGlobalIDString = FD254F9823BE528600C19A05;
			remoteInfo = "PeopleInSpaceWatch WatchKit App";
		};
		FD254FAA23BE528700C19A05 /* PBXContainerItemProxy */ = {
			isa = PBXContainerItemProxy;
			containerPortal = FD254F8F23BE528500C19A05 /* Project object */;
			proxyType = 1;
			remoteGlobalIDString = FD254FA723BE528700C19A05;
			remoteInfo = "PeopleInSpaceWatch WatchKit Extension";
		};
/* End PBXContainerItemProxy section */

/* Begin PBXCopyFilesBuildPhase section */
		FD254FC323BE528800C19A05 /* Embed App Extensions */ = {
			isa = PBXCopyFilesBuildPhase;
			buildActionMask = 2147483647;
			dstPath = "";
			dstSubfolderSpec = 13;
			files = (
				FD254FA923BE528700C19A05 /* PeopleInSpaceWatch WatchKit Extension.appex in Embed App Extensions */,
			);
			name = "Embed App Extensions";
			runOnlyForDeploymentPostprocessing = 0;
		};
		FD254FC723BE528800C19A05 /* Embed Watch Content */ = {
			isa = PBXCopyFilesBuildPhase;
			buildActionMask = 2147483647;
			dstPath = "$(CONTENTS_FOLDER_PATH)/Watch";
			dstSubfolderSpec = 16;
			files = (
				FD254F9A23BE528600C19A05 /* PeopleInSpaceWatch WatchKit App.app in Embed Watch Content */,
			);
			name = "Embed Watch Content";
			runOnlyForDeploymentPostprocessing = 0;
		};
/* End PBXCopyFilesBuildPhase section */

/* Begin PBXFileReference section */
		1A40FE1A23DB5C89008428A6 /* libsqlite3.tbd */ = {isa = PBXFileReference; lastKnownFileType = "sourcecode.text-based-dylib-definition"; name = libsqlite3.tbd; path = usr/lib/libsqlite3.tbd; sourceTree = SDKROOT; };
		1A40FE1C23DB5D26008428A6 /* libsqlite3.0.tbd */ = {isa = PBXFileReference; lastKnownFileType = "sourcecode.text-based-dylib-definition"; name = libsqlite3.0.tbd; path = usr/lib/libsqlite3.0.tbd; sourceTree = SDKROOT; };
		1ACB547524FAD1C00056FEF1 /* libsqlite3.0.tbd */ = {isa = PBXFileReference; lastKnownFileType = "sourcecode.text-based-dylib-definition"; name = libsqlite3.0.tbd; path = Platforms/WatchOS.platform/Developer/SDKs/WatchOS6.2.sdk/usr/lib/libsqlite3.0.tbd; sourceTree = DEVELOPER_DIR; };
		1AFDDD1A272C7C9800FE7CB6 /* ImageView.swift */ = {isa = PBXFileReference; lastKnownFileType = sourcecode.swift; path = ImageView.swift; sourceTree = "<group>"; };
		1AFDDD1C272C7E8500FE7CB6 /* PersonDetailsView.swift */ = {isa = PBXFileReference; lastKnownFileType = sourcecode.swift; path = PersonDetailsView.swift; sourceTree = "<group>"; };
		484BF1F88A8D35F5F047B20A /* Pods-PeopleInSpaceWatch WatchKit Extension.release.xcconfig */ = {isa = PBXFileReference; includeInIndex = 1; lastKnownFileType = text.xcconfig; name = "Pods-PeopleInSpaceWatch WatchKit Extension.release.xcconfig"; path = "Target Support Files/Pods-PeopleInSpaceWatch WatchKit Extension/Pods-PeopleInSpaceWatch WatchKit Extension.release.xcconfig"; sourceTree = "<group>"; };
		BCCDA205D8481581F21A6528 /* Pods-PeopleInSpaceWatch WatchKit Extension.debug.xcconfig */ = {isa = PBXFileReference; includeInIndex = 1; lastKnownFileType = text.xcconfig; name = "Pods-PeopleInSpaceWatch WatchKit Extension.debug.xcconfig"; path = "Target Support Files/Pods-PeopleInSpaceWatch WatchKit Extension/Pods-PeopleInSpaceWatch WatchKit Extension.debug.xcconfig"; sourceTree = "<group>"; };
		FD0B69EEAC732E1562EBD3CE /* libPods-PeopleInSpaceWatch WatchKit Extension.a */ = {isa = PBXFileReference; explicitFileType = archive.ar; includeInIndex = 0; path = "libPods-PeopleInSpaceWatch WatchKit Extension.a"; sourceTree = BUILT_PRODUCTS_DIR; };
		FD254F9523BE528500C19A05 /* PeopleInSpaceWatch.app */ = {isa = PBXFileReference; explicitFileType = wrapper.application; includeInIndex = 0; path = PeopleInSpaceWatch.app; sourceTree = BUILT_PRODUCTS_DIR; };
		FD254F9923BE528600C19A05 /* PeopleInSpaceWatch WatchKit App.app */ = {isa = PBXFileReference; explicitFileType = wrapper.application; includeInIndex = 0; path = "PeopleInSpaceWatch WatchKit App.app"; sourceTree = BUILT_PRODUCTS_DIR; };
		FD254F9F23BE528600C19A05 /* Base */ = {isa = PBXFileReference; lastKnownFileType = file.storyboard; name = Base; path = Base.lproj/Interface.storyboard; sourceTree = "<group>"; };
		FD254FA123BE528700C19A05 /* Assets.xcassets */ = {isa = PBXFileReference; lastKnownFileType = folder.assetcatalog; path = Assets.xcassets; sourceTree = "<group>"; };
		FD254FA323BE528700C19A05 /* Info.plist */ = {isa = PBXFileReference; lastKnownFileType = text.plist.xml; path = Info.plist; sourceTree = "<group>"; };
		FD254FA823BE528700C19A05 /* PeopleInSpaceWatch WatchKit Extension.appex */ = {isa = PBXFileReference; explicitFileType = "wrapper.app-extension"; includeInIndex = 0; path = "PeopleInSpaceWatch WatchKit Extension.appex"; sourceTree = BUILT_PRODUCTS_DIR; };
		FD254FAD23BE528700C19A05 /* ContentView.swift */ = {isa = PBXFileReference; lastKnownFileType = sourcecode.swift; path = ContentView.swift; sourceTree = "<group>"; };
		FD254FAF23BE528700C19A05 /* HostingController.swift */ = {isa = PBXFileReference; lastKnownFileType = sourcecode.swift; path = HostingController.swift; sourceTree = "<group>"; };
		FD254FB123BE528700C19A05 /* ExtensionDelegate.swift */ = {isa = PBXFileReference; lastKnownFileType = sourcecode.swift; path = ExtensionDelegate.swift; sourceTree = "<group>"; };
		FD254FB723BE528800C19A05 /* Assets.xcassets */ = {isa = PBXFileReference; lastKnownFileType = folder.assetcatalog; path = Assets.xcassets; sourceTree = "<group>"; };
		FD254FBA23BE528800C19A05 /* Preview Assets.xcassets */ = {isa = PBXFileReference; lastKnownFileType = folder.assetcatalog; path = "Preview Assets.xcassets"; sourceTree = "<group>"; };
		FD254FBC23BE528800C19A05 /* Info.plist */ = {isa = PBXFileReference; lastKnownFileType = text.plist.xml; path = Info.plist; sourceTree = "<group>"; };
		FD254FBD23BE528800C19A05 /* PushNotificationPayload.apns */ = {isa = PBXFileReference; lastKnownFileType = text; path = PushNotificationPayload.apns; sourceTree = "<group>"; };
		FD254FCB23BE55DA00C19A05 /* ViewModel.swift */ = {isa = PBXFileReference; lastKnownFileType = sourcecode.swift; path = ViewModel.swift; sourceTree = "<group>"; };
/* End PBXFileReference section */

/* Begin PBXFrameworksBuildPhase section */
		25D2BD18CB7BFEE5DDAE666A /* Frameworks */ = {
			isa = PBXFrameworksBuildPhase;
			buildActionMask = 2147483647;
			files = (
				1ACB547624FAD1C50056FEF1 /* libsqlite3.0.tbd in Frameworks */,
			);
			runOnlyForDeploymentPostprocessing = 0;
		};
		FA6053310636193C8B43AB29 /* Frameworks */ = {
			isa = PBXFrameworksBuildPhase;
			buildActionMask = 2147483647;
			files = (
				1A40FE1E23DB5FC5008428A6 /* libsqlite3.tbd in Frameworks */,
			);
			runOnlyForDeploymentPostprocessing = 0;
		};
		FD254FA523BE528700C19A05 /* Frameworks */ = {
			isa = PBXFrameworksBuildPhase;
			buildActionMask = 2147483647;
			files = (
				1ACB547724FAD1DF0056FEF1 /* libsqlite3.0.tbd in Frameworks */,
				085909C1847583547B705454 /* libPods-PeopleInSpaceWatch WatchKit Extension.a in Frameworks */,
			);
			runOnlyForDeploymentPostprocessing = 0;
		};
/* End PBXFrameworksBuildPhase section */

/* Begin PBXGroup section */
		B39C8188A1363A891BEDD9F2 /* Frameworks */ = {
			isa = PBXGroup;
			children = (
				1A40FE1C23DB5D26008428A6 /* libsqlite3.0.tbd */,
				1ACB547524FAD1C00056FEF1 /* libsqlite3.0.tbd */,
				1A40FE1A23DB5C89008428A6 /* libsqlite3.tbd */,
				FD0B69EEAC732E1562EBD3CE /* libPods-PeopleInSpaceWatch WatchKit Extension.a */,
			);
			name = Frameworks;
			sourceTree = "<group>";
		};
		F164EB4CD0AEB4FDAA427514 /* Pods */ = {
			isa = PBXGroup;
			children = (
				BCCDA205D8481581F21A6528 /* Pods-PeopleInSpaceWatch WatchKit Extension.debug.xcconfig */,
				484BF1F88A8D35F5F047B20A /* Pods-PeopleInSpaceWatch WatchKit Extension.release.xcconfig */,
			);
			path = Pods;
			sourceTree = "<group>";
		};
		FD254F8E23BE528500C19A05 = {
			isa = PBXGroup;
			children = (
				FD254F9D23BE528600C19A05 /* PeopleInSpaceWatch WatchKit App */,
				FD254FAC23BE528700C19A05 /* PeopleInSpaceWatch WatchKit Extension */,
				FD254F9623BE528500C19A05 /* Products */,
				F164EB4CD0AEB4FDAA427514 /* Pods */,
				B39C8188A1363A891BEDD9F2 /* Frameworks */,
			);
			sourceTree = "<group>";
		};
		FD254F9623BE528500C19A05 /* Products */ = {
			isa = PBXGroup;
			children = (
				FD254F9523BE528500C19A05 /* PeopleInSpaceWatch.app */,
				FD254F9923BE528600C19A05 /* PeopleInSpaceWatch WatchKit App.app */,
				FD254FA823BE528700C19A05 /* PeopleInSpaceWatch WatchKit Extension.appex */,
			);
			name = Products;
			sourceTree = "<group>";
		};
		FD254F9D23BE528600C19A05 /* PeopleInSpaceWatch WatchKit App */ = {
			isa = PBXGroup;
			children = (
				FD254F9E23BE528600C19A05 /* Interface.storyboard */,
				FD254FA123BE528700C19A05 /* Assets.xcassets */,
				FD254FA323BE528700C19A05 /* Info.plist */,
			);
			path = "PeopleInSpaceWatch WatchKit App";
			sourceTree = "<group>";
		};
		FD254FAC23BE528700C19A05 /* PeopleInSpaceWatch WatchKit Extension */ = {
			isa = PBXGroup;
			children = (
				FD254FAD23BE528700C19A05 /* ContentView.swift */,
				FD254FAF23BE528700C19A05 /* HostingController.swift */,
				FD254FB123BE528700C19A05 /* ExtensionDelegate.swift */,
				FD254FB723BE528800C19A05 /* Assets.xcassets */,
				FD254FBC23BE528800C19A05 /* Info.plist */,
				FD254FBD23BE528800C19A05 /* PushNotificationPayload.apns */,
				FD254FB923BE528800C19A05 /* Preview Content */,
				FD254FCB23BE55DA00C19A05 /* ViewModel.swift */,
				1AFDDD1A272C7C9800FE7CB6 /* ImageView.swift */,
				1AFDDD1C272C7E8500FE7CB6 /* PersonDetailsView.swift */,
			);
			path = "PeopleInSpaceWatch WatchKit Extension";
			sourceTree = "<group>";
		};
		FD254FB923BE528800C19A05 /* Preview Content */ = {
			isa = PBXGroup;
			children = (
				FD254FBA23BE528800C19A05 /* Preview Assets.xcassets */,
			);
			path = "Preview Content";
			sourceTree = "<group>";
		};
/* End PBXGroup section */

/* Begin PBXNativeTarget section */
		FD254F9423BE528500C19A05 /* PeopleInSpaceWatch */ = {
			isa = PBXNativeTarget;
			buildConfigurationList = FD254FC823BE528800C19A05 /* Build configuration list for PBXNativeTarget "PeopleInSpaceWatch" */;
			buildPhases = (
				FD254F9323BE528500C19A05 /* Resources */,
				FD254FC723BE528800C19A05 /* Embed Watch Content */,
				FA6053310636193C8B43AB29 /* Frameworks */,
			);
			buildRules = (
			);
			dependencies = (
				FD254F9C23BE528600C19A05 /* PBXTargetDependency */,
			);
			name = PeopleInSpaceWatch;
			productName = PeopleInSpaceWatch;
			productReference = FD254F9523BE528500C19A05 /* PeopleInSpaceWatch.app */;
			productType = "com.apple.product-type.application.watchapp2-container";
		};
		FD254F9823BE528600C19A05 /* PeopleInSpaceWatch WatchKit App */ = {
			isa = PBXNativeTarget;
			buildConfigurationList = FD254FC423BE528800C19A05 /* Build configuration list for PBXNativeTarget "PeopleInSpaceWatch WatchKit App" */;
			buildPhases = (
				FD254F9723BE528600C19A05 /* Resources */,
				FD254FC323BE528800C19A05 /* Embed App Extensions */,
				25D2BD18CB7BFEE5DDAE666A /* Frameworks */,
			);
			buildRules = (
			);
			dependencies = (
				FD254FAB23BE528700C19A05 /* PBXTargetDependency */,
			);
			name = "PeopleInSpaceWatch WatchKit App";
			productName = "PeopleInSpaceWatch WatchKit App";
			productReference = FD254F9923BE528600C19A05 /* PeopleInSpaceWatch WatchKit App.app */;
			productType = "com.apple.product-type.application.watchapp2";
		};
		FD254FA723BE528700C19A05 /* PeopleInSpaceWatch WatchKit Extension */ = {
			isa = PBXNativeTarget;
			buildConfigurationList = FD254FC023BE528800C19A05 /* Build configuration list for PBXNativeTarget "PeopleInSpaceWatch WatchKit Extension" */;
			buildPhases = (
				C2E3793E7987581FFA082E9D /* [CP] Check Pods Manifest.lock */,
				FD254FA423BE528700C19A05 /* Sources */,
				FD254FA523BE528700C19A05 /* Frameworks */,
				FD254FA623BE528700C19A05 /* Resources */,
			);
			buildRules = (
			);
			dependencies = (
			);
			name = "PeopleInSpaceWatch WatchKit Extension";
			productName = "PeopleInSpaceWatch WatchKit Extension";
			productReference = FD254FA823BE528700C19A05 /* PeopleInSpaceWatch WatchKit Extension.appex */;
			productType = "com.apple.product-type.watchkit2-extension";
		};
/* End PBXNativeTarget section */

/* Begin PBXProject section */
		FD254F8F23BE528500C19A05 /* Project object */ = {
			isa = PBXProject;
			attributes = {
				LastSwiftUpdateCheck = 1130;
				LastUpgradeCheck = 1130;
				ORGANIZATIONNAME = "Neal Sanche";
				TargetAttributes = {
					FD254F9423BE528500C19A05 = {
						CreatedOnToolsVersion = 11.3;
					};
					FD254F9823BE528600C19A05 = {
						CreatedOnToolsVersion = 11.3;
					};
					FD254FA723BE528700C19A05 = {
						CreatedOnToolsVersion = 11.3;
					};
				};
			};
			buildConfigurationList = FD254F9223BE528500C19A05 /* Build configuration list for PBXProject "PeopleInSpaceWatch" */;
			compatibilityVersion = "Xcode 9.3";
			developmentRegion = en;
			hasScannedForEncodings = 0;
			knownRegions = (
				en,
				Base,
			);
			mainGroup = FD254F8E23BE528500C19A05;
			productRefGroup = FD254F9623BE528500C19A05 /* Products */;
			projectDirPath = "";
			projectRoot = "";
			targets = (
				FD254F9423BE528500C19A05 /* PeopleInSpaceWatch */,
				FD254F9823BE528600C19A05 /* PeopleInSpaceWatch WatchKit App */,
				FD254FA723BE528700C19A05 /* PeopleInSpaceWatch WatchKit Extension */,
			);
		};
/* End PBXProject section */

/* Begin PBXResourcesBuildPhase section */
		FD254F9323BE528500C19A05 /* Resources */ = {
			isa = PBXResourcesBuildPhase;
			buildActionMask = 2147483647;
			files = (
			);
			runOnlyForDeploymentPostprocessing = 0;
		};
		FD254F9723BE528600C19A05 /* Resources */ = {
			isa = PBXResourcesBuildPhase;
			buildActionMask = 2147483647;
			files = (
				FD254FA223BE528700C19A05 /* Assets.xcassets in Resources */,
				FD254FA023BE528600C19A05 /* Interface.storyboard in Resources */,
			);
			runOnlyForDeploymentPostprocessing = 0;
		};
		FD254FA623BE528700C19A05 /* Resources */ = {
			isa = PBXResourcesBuildPhase;
			buildActionMask = 2147483647;
			files = (
				FD254FBB23BE528800C19A05 /* Preview Assets.xcassets in Resources */,
				FD254FB823BE528800C19A05 /* Assets.xcassets in Resources */,
			);
			runOnlyForDeploymentPostprocessing = 0;
		};
/* End PBXResourcesBuildPhase section */

/* Begin PBXShellScriptBuildPhase section */
		C2E3793E7987581FFA082E9D /* [CP] Check Pods Manifest.lock */ = {
			isa = PBXShellScriptBuildPhase;
			buildActionMask = 2147483647;
			files = (
			);
			inputFileListPaths = (
			);
			inputPaths = (
				"${PODS_PODFILE_DIR_PATH}/Podfile.lock",
				"${PODS_ROOT}/Manifest.lock",
			);
			name = "[CP] Check Pods Manifest.lock";
			outputFileListPaths = (
			);
			outputPaths = (
				"$(DERIVED_FILE_DIR)/Pods-PeopleInSpaceWatch WatchKit Extension-checkManifestLockResult.txt",
			);
			runOnlyForDeploymentPostprocessing = 0;
			shellPath = /bin/sh;
			shellScript = "diff \"${PODS_PODFILE_DIR_PATH}/Podfile.lock\" \"${PODS_ROOT}/Manifest.lock\" > /dev/null\nif [ $? != 0 ] ; then\n    # print error to STDERR\n    echo \"error: The sandbox is not in sync with the Podfile.lock. Run 'pod install' or update your CocoaPods installation.\" >&2\n    exit 1\nfi\n# This output is used by Xcode 'outputs' to avoid re-running this script phase.\necho \"SUCCESS\" > \"${SCRIPT_OUTPUT_FILE_0}\"\n";
			showEnvVarsInLog = 0;
		};
/* End PBXShellScriptBuildPhase section */

/* Begin PBXSourcesBuildPhase section */
		FD254FA423BE528700C19A05 /* Sources */ = {
			isa = PBXSourcesBuildPhase;
			buildActionMask = 2147483647;
			files = (
				1AFDDD1D272C7E8500FE7CB6 /* PersonDetailsView.swift in Sources */,
				1AFDDD1B272C7C9800FE7CB6 /* ImageView.swift in Sources */,
				FD254FB023BE528700C19A05 /* HostingController.swift in Sources */,
				FD254FAE23BE528700C19A05 /* ContentView.swift in Sources */,
				FD254FB223BE528700C19A05 /* ExtensionDelegate.swift in Sources */,
				FD254FCC23BE55DA00C19A05 /* ViewModel.swift in Sources */,
			);
			runOnlyForDeploymentPostprocessing = 0;
		};
/* End PBXSourcesBuildPhase section */

/* Begin PBXTargetDependency section */
		FD254F9C23BE528600C19A05 /* PBXTargetDependency */ = {
			isa = PBXTargetDependency;
			target = FD254F9823BE528600C19A05 /* PeopleInSpaceWatch WatchKit App */;
			targetProxy = FD254F9B23BE528600C19A05 /* PBXContainerItemProxy */;
		};
		FD254FAB23BE528700C19A05 /* PBXTargetDependency */ = {
			isa = PBXTargetDependency;
			target = FD254FA723BE528700C19A05 /* PeopleInSpaceWatch WatchKit Extension */;
			targetProxy = FD254FAA23BE528700C19A05 /* PBXContainerItemProxy */;
		};
/* End PBXTargetDependency section */

/* Begin PBXVariantGroup section */
		FD254F9E23BE528600C19A05 /* Interface.storyboard */ = {
			isa = PBXVariantGroup;
			children = (
				FD254F9F23BE528600C19A05 /* Base */,
			);
			name = Interface.storyboard;
			sourceTree = "<group>";
		};
/* End PBXVariantGroup section */

/* Begin XCBuildConfiguration section */
		FD254FBE23BE528800C19A05 /* Debug */ = {
			isa = XCBuildConfiguration;
			buildSettings = {
				ALWAYS_SEARCH_USER_PATHS = NO;
				CLANG_ANALYZER_NONNULL = YES;
				CLANG_ANALYZER_NUMBER_OBJECT_CONVERSION = YES_AGGRESSIVE;
				CLANG_CXX_LANGUAGE_STANDARD = "gnu++14";
				CLANG_CXX_LIBRARY = "libc++";
				CLANG_ENABLE_MODULES = YES;
				CLANG_ENABLE_OBJC_ARC = YES;
				CLANG_ENABLE_OBJC_WEAK = YES;
				CLANG_WARN_BLOCK_CAPTURE_AUTORELEASING = YES;
				CLANG_WARN_BOOL_CONVERSION = YES;
				CLANG_WARN_COMMA = YES;
				CLANG_WARN_CONSTANT_CONVERSION = YES;
				CLANG_WARN_DEPRECATED_OBJC_IMPLEMENTATIONS = YES;
				CLANG_WARN_DIRECT_OBJC_ISA_USAGE = YES_ERROR;
				CLANG_WARN_DOCUMENTATION_COMMENTS = YES;
				CLANG_WARN_EMPTY_BODY = YES;
				CLANG_WARN_ENUM_CONVERSION = YES;
				CLANG_WARN_INFINITE_RECURSION = YES;
				CLANG_WARN_INT_CONVERSION = YES;
				CLANG_WARN_NON_LITERAL_NULL_CONVERSION = YES;
				CLANG_WARN_OBJC_IMPLICIT_RETAIN_SELF = YES;
				CLANG_WARN_OBJC_LITERAL_CONVERSION = YES;
				CLANG_WARN_OBJC_ROOT_CLASS = YES_ERROR;
				CLANG_WARN_RANGE_LOOP_ANALYSIS = YES;
				CLANG_WARN_STRICT_PROTOTYPES = YES;
				CLANG_WARN_SUSPICIOUS_MOVE = YES;
				CLANG_WARN_UNGUARDED_AVAILABILITY = YES_AGGRESSIVE;
				CLANG_WARN_UNREACHABLE_CODE = YES;
				CLANG_WARN__DUPLICATE_METHOD_MATCH = YES;
				COPY_PHASE_STRIP = NO;
				DEBUG_INFORMATION_FORMAT = dwarf;
				ENABLE_STRICT_OBJC_MSGSEND = YES;
				ENABLE_TESTABILITY = YES;
				GCC_C_LANGUAGE_STANDARD = gnu11;
				GCC_DYNAMIC_NO_PIC = NO;
				GCC_NO_COMMON_BLOCKS = YES;
				GCC_OPTIMIZATION_LEVEL = 0;
				GCC_PREPROCESSOR_DEFINITIONS = (
					"DEBUG=1",
					"$(inherited)",
				);
				GCC_WARN_64_TO_32_BIT_CONVERSION = YES;
				GCC_WARN_ABOUT_RETURN_TYPE = YES_ERROR;
				GCC_WARN_UNDECLARED_SELECTOR = YES;
				GCC_WARN_UNINITIALIZED_AUTOS = YES_AGGRESSIVE;
				GCC_WARN_UNUSED_FUNCTION = YES;
				GCC_WARN_UNUSED_VARIABLE = YES;
				MTL_ENABLE_DEBUG_INFO = INCLUDE_SOURCE;
				MTL_FAST_MATH = YES;
				ONLY_ACTIVE_ARCH = YES;
				SDKROOT = iphoneos;
				SWIFT_ACTIVE_COMPILATION_CONDITIONS = DEBUG;
				SWIFT_OPTIMIZATION_LEVEL = "-Onone";
			};
			name = Debug;
		};
		FD254FBF23BE528800C19A05 /* Release */ = {
			isa = XCBuildConfiguration;
			buildSettings = {
				ALWAYS_SEARCH_USER_PATHS = NO;
				CLANG_ANALYZER_NONNULL = YES;
				CLANG_ANALYZER_NUMBER_OBJECT_CONVERSION = YES_AGGRESSIVE;
				CLANG_CXX_LANGUAGE_STANDARD = "gnu++14";
				CLANG_CXX_LIBRARY = "libc++";
				CLANG_ENABLE_MODULES = YES;
				CLANG_ENABLE_OBJC_ARC = YES;
				CLANG_ENABLE_OBJC_WEAK = YES;
				CLANG_WARN_BLOCK_CAPTURE_AUTORELEASING = YES;
				CLANG_WARN_BOOL_CONVERSION = YES;
				CLANG_WARN_COMMA = YES;
				CLANG_WARN_CONSTANT_CONVERSION = YES;
				CLANG_WARN_DEPRECATED_OBJC_IMPLEMENTATIONS = YES;
				CLANG_WARN_DIRECT_OBJC_ISA_USAGE = YES_ERROR;
				CLANG_WARN_DOCUMENTATION_COMMENTS = YES;
				CLANG_WARN_EMPTY_BODY = YES;
				CLANG_WARN_ENUM_CONVERSION = YES;
				CLANG_WARN_INFINITE_RECURSION = YES;
				CLANG_WARN_INT_CONVERSION = YES;
				CLANG_WARN_NON_LITERAL_NULL_CONVERSION = YES;
				CLANG_WARN_OBJC_IMPLICIT_RETAIN_SELF = YES;
				CLANG_WARN_OBJC_LITERAL_CONVERSION = YES;
				CLANG_WARN_OBJC_ROOT_CLASS = YES_ERROR;
				CLANG_WARN_RANGE_LOOP_ANALYSIS = YES;
				CLANG_WARN_STRICT_PROTOTYPES = YES;
				CLANG_WARN_SUSPICIOUS_MOVE = YES;
				CLANG_WARN_UNGUARDED_AVAILABILITY = YES_AGGRESSIVE;
				CLANG_WARN_UNREACHABLE_CODE = YES;
				CLANG_WARN__DUPLICATE_METHOD_MATCH = YES;
				COPY_PHASE_STRIP = NO;
				DEBUG_INFORMATION_FORMAT = "dwarf-with-dsym";
				ENABLE_NS_ASSERTIONS = NO;
				ENABLE_STRICT_OBJC_MSGSEND = YES;
				GCC_C_LANGUAGE_STANDARD = gnu11;
				GCC_NO_COMMON_BLOCKS = YES;
				GCC_WARN_64_TO_32_BIT_CONVERSION = YES;
				GCC_WARN_ABOUT_RETURN_TYPE = YES_ERROR;
				GCC_WARN_UNDECLARED_SELECTOR = YES;
				GCC_WARN_UNINITIALIZED_AUTOS = YES_AGGRESSIVE;
				GCC_WARN_UNUSED_FUNCTION = YES;
				GCC_WARN_UNUSED_VARIABLE = YES;
				MTL_ENABLE_DEBUG_INFO = NO;
				MTL_FAST_MATH = YES;
				SDKROOT = iphoneos;
				SWIFT_COMPILATION_MODE = wholemodule;
				SWIFT_OPTIMIZATION_LEVEL = "-O";
				VALIDATE_PRODUCT = YES;
			};
			name = Release;
		};
		FD254FC123BE528800C19A05 /* Debug */ = {
			isa = XCBuildConfiguration;
			baseConfigurationReference = BCCDA205D8481581F21A6528 /* Pods-PeopleInSpaceWatch WatchKit Extension.debug.xcconfig */;
			buildSettings = {
				ARCHS = x86_64;
				ASSETCATALOG_COMPILER_COMPLICATION_NAME = Complication;
				CODE_SIGN_STYLE = Automatic;
				DEVELOPMENT_ASSET_PATHS = "\"PeopleInSpaceWatch WatchKit Extension/Preview Content\"";
				DEVELOPMENT_TEAM = NT77748GS8;
				ENABLE_PREVIEWS = YES;
				INFOPLIST_FILE = "PeopleInSpaceWatch WatchKit Extension/Info.plist";
				LD_RUNPATH_SEARCH_PATHS = (
					"$(inherited)",
					"@executable_path/Frameworks",
					"@executable_path/../../Frameworks",
				);
				PRODUCT_BUNDLE_IDENTIFIER = com.surrus.PeopleInSpaceWatch.watchkitapp.watchkitextension;
				PRODUCT_NAME = "${TARGET_NAME}";
				SDKROOT = watchos;
				SKIP_INSTALL = YES;
				SWIFT_VERSION = 5.0;
				TARGETED_DEVICE_FAMILY = 4;
				WATCHOS_DEPLOYMENT_TARGET = 6.1;
			};
			name = Debug;
		};
		FD254FC223BE528800C19A05 /* Release */ = {
			isa = XCBuildConfiguration;
			baseConfigurationReference = 484BF1F88A8D35F5F047B20A /* Pods-PeopleInSpaceWatch WatchKit Extension.release.xcconfig */;
			buildSettings = {
				ARCHS = x86_64;
				ASSETCATALOG_COMPILER_COMPLICATION_NAME = Complication;
				CODE_SIGN_STYLE = Automatic;
				DEVELOPMENT_ASSET_PATHS = "\"PeopleInSpaceWatch WatchKit Extension/Preview Content\"";
				DEVELOPMENT_TEAM = NT77748GS8;
				ENABLE_PREVIEWS = YES;
				INFOPLIST_FILE = "PeopleInSpaceWatch WatchKit Extension/Info.plist";
				LD_RUNPATH_SEARCH_PATHS = (
					"$(inherited)",
					"@executable_path/Frameworks",
					"@executable_path/../../Frameworks",
				);
				PRODUCT_BUNDLE_IDENTIFIER = com.surrus.PeopleInSpaceWatch.watchkitapp.watchkitextension;
				PRODUCT_NAME = "${TARGET_NAME}";
				SDKROOT = watchos;
				SKIP_INSTALL = YES;
				SWIFT_VERSION = 5.0;
				TARGETED_DEVICE_FAMILY = 4;
				WATCHOS_DEPLOYMENT_TARGET = 6.1;
			};
			name = Release;
		};
		FD254FC523BE528800C19A05 /* Debug */ = {
			isa = XCBuildConfiguration;
			buildSettings = {
				ALWAYS_EMBED_SWIFT_STANDARD_LIBRARIES = YES;
				ASSETCATALOG_COMPILER_APPICON_NAME = AppIcon;
				CODE_SIGN_STYLE = Automatic;
				DEVELOPMENT_TEAM = NT77748GS8;
				IBSC_MODULE = PeopleInSpaceWatch_WatchKit_Extension;
				INFOPLIST_FILE = "PeopleInSpaceWatch WatchKit App/Info.plist";
				PRODUCT_BUNDLE_IDENTIFIER = com.surrus.PeopleInSpaceWatch.watchkitapp;
				PRODUCT_NAME = "$(TARGET_NAME)";
				SDKROOT = watchos;
				SKIP_INSTALL = YES;
				SWIFT_VERSION = 5.0;
				TARGETED_DEVICE_FAMILY = 4;
				WATCHOS_DEPLOYMENT_TARGET = 6.1;
			};
			name = Debug;
		};
		FD254FC623BE528800C19A05 /* Release */ = {
			isa = XCBuildConfiguration;
			buildSettings = {
				ALWAYS_EMBED_SWIFT_STANDARD_LIBRARIES = YES;
				ASSETCATALOG_COMPILER_APPICON_NAME = AppIcon;
				CODE_SIGN_STYLE = Automatic;
				DEVELOPMENT_TEAM = NT77748GS8;
				IBSC_MODULE = PeopleInSpaceWatch_WatchKit_Extension;
				INFOPLIST_FILE = "PeopleInSpaceWatch WatchKit App/Info.plist";
				PRODUCT_BUNDLE_IDENTIFIER = com.surrus.PeopleInSpaceWatch.watchkitapp;
				PRODUCT_NAME = "$(TARGET_NAME)";
				SDKROOT = watchos;
				SKIP_INSTALL = YES;
				SWIFT_VERSION = 5.0;
				TARGETED_DEVICE_FAMILY = 4;
				WATCHOS_DEPLOYMENT_TARGET = 6.1;
			};
			name = Release;
		};
		FD254FC923BE528800C19A05 /* Debug */ = {
			isa = XCBuildConfiguration;
			buildSettings = {
				CODE_SIGN_STYLE = Automatic;
				CURRENT_PROJECT_VERSION = 1;
				DEVELOPMENT_TEAM = NT77748GS8;
				MARKETING_VERSION = 1.0;
				OTHER_LDFLAGS = "-lsqlite3";
				PRODUCT_BUNDLE_IDENTIFIER = com.surrus.PeopleInSpaceWatch;
				PRODUCT_NAME = "$(TARGET_NAME)";
				SWIFT_VERSION = 5.0;
			};
			name = Debug;
		};
		FD254FCA23BE528800C19A05 /* Release */ = {
			isa = XCBuildConfiguration;
			buildSettings = {
				CODE_SIGN_STYLE = Automatic;
				CURRENT_PROJECT_VERSION = 1;
				DEVELOPMENT_TEAM = NT77748GS8;
				MARKETING_VERSION = 1.0;
				OTHER_LDFLAGS = "-lsqlite3";
				PRODUCT_BUNDLE_IDENTIFIER = com.surrus.PeopleInSpaceWatch;
				PRODUCT_NAME = "$(TARGET_NAME)";
				SWIFT_VERSION = 5.0;
			};
			name = Release;
		};
/* End XCBuildConfiguration section */

/* Begin XCConfigurationList section */
		FD254F9223BE528500C19A05 /* Build configuration list for PBXProject "PeopleInSpaceWatch" */ = {
			isa = XCConfigurationList;
			buildConfigurations = (
				FD254FBE23BE528800C19A05 /* Debug */,
				FD254FBF23BE528800C19A05 /* Release */,
			);
			defaultConfigurationIsVisible = 0;
			defaultConfigurationName = Release;
		};
		FD254FC023BE528800C19A05 /* Build configuration list for PBXNativeTarget "PeopleInSpaceWatch WatchKit Extension" */ = {
			isa = XCConfigurationList;
			buildConfigurations = (
				FD254FC123BE528800C19A05 /* Debug */,
				FD254FC223BE528800C19A05 /* Release */,
			);
			defaultConfigurationIsVisible = 0;
			defaultConfigurationName = Release;
		};
		FD254FC423BE528800C19A05 /* Build configuration list for PBXNativeTarget "PeopleInSpaceWatch WatchKit App" */ = {
			isa = XCConfigurationList;
			buildConfigurations = (
				FD254FC523BE528800C19A05 /* Debug */,
				FD254FC623BE528800C19A05 /* Release */,
			);
			defaultConfigurationIsVisible = 0;
			defaultConfigurationName = Release;
		};
		FD254FC823BE528800C19A05 /* Build configuration list for PBXNativeTarget "PeopleInSpaceWatch" */ = {
			isa = XCConfigurationList;
			buildConfigurations = (
				FD254FC923BE528800C19A05 /* Debug */,
				FD254FCA23BE528800C19A05 /* Release */,
			);
			defaultConfigurationIsVisible = 0;
			defaultConfigurationName = Release;
		};
/* End XCConfigurationList section */
	};
	rootObject = FD254F8F23BE528500C19A05 /* Project object */;
}
