PODS:
  - common (1.0)
  - KMPNativeCoroutinesAsync (1.0.0-ALPHA-4):
    - KMPNativeCoroutinesCore (= 1.0.0-ALPHA-4)
  - KMPNativeCoroutinesCombine (1.0.0-ALPHA-4):
    - KMPNativeCoroutinesCore (= 1.0.0-ALPHA-4)
  - KMPNativeCoroutinesCore (1.0.0-ALPHA-4)

DEPENDENCIES:
  - common (from `../../common`)
  - KMPNativeCoroutinesAsync (= 1.0.0-ALPHA-4)
  - KMPNativeCoroutinesCombine (= 1.0.0-ALPHA-4)

SPEC REPOS:
  trunk:
    - KMPNativeCoroutinesAsync
    - KMPNativeCoroutinesCombine
    - KMPNativeCoroutinesCore

EXTERNAL SOURCES:
  common:
    :path: "../../common"

SPEC CHECKSUMS:
  common: ce3a8c38c8aa9871d007e2c32f1da856e89db469
  KMPNativeCoroutinesAsync: 70e9edb1cced4433bc4528876d410e21e8364d72
  KMPNativeCoroutinesCombine: 886b9f8b8aa1707de83db5d424915e9a5edc5794
  KMPNativeCoroutinesCore: 205faa08d2486ecc3ac29f88063c858a85b33de7

PODFILE CHECKSUM: bb7f6430b25182f9034c53942d97af406fb8117c

COCOAPODS: 1.11.3
