PODS:
  - common (1.0)
  - KMPNativeCoroutinesCombine (0.8.0):
    - KMPNativeCoroutinesCore (= 0.8.0)
  - KMPNativeCoroutinesCore (0.8.0)

DEPENDENCIES:
  - common (from `../../common`)
  - KMPNativeCoroutinesCombine (= 0.8.0)

SPEC REPOS:
  trunk:
    - KMPNativeCoroutinesCombine
    - KMPNativeCoroutinesCore

EXTERNAL SOURCES:
  common:
    :path: "../../common"

SPEC CHECKSUMS:
  common: ed5a58383c5a02f46882243487c7aac341a3064f
  KMPNativeCoroutinesCombine: cdb11619dbe26c69c27f1bdc50b0291d8fdbff8e
  KMPNativeCoroutinesCore: a833472b2d8aa40333dc3ff3ebeeeb7180423602

PODFILE CHECKSUM: 93126eb1e593811d7e8a6eac510376245156f4f0

COCOAPODS: 1.10.1
