// !$*UTF8*$!
{
	archiveVersion = 1;
	classes = {
	};
	objectVersion = 56;
	objects = {

/* Begin PBXBuildFile section */
		1A8F34A329C77A4500327F0A /* PeopleInSpaceMacApp.swift in Sources */ = {isa = PBXBuildFile; fileRef = 1A8F34A229C77A4500327F0A /* PeopleInSpaceMacApp.swift */; };
		1A8F34A529C77A4500327F0A /* ContentView.swift in Sources */ = {isa = PBXBuildFile; fileRef = 1A8F34A429C77A4500327F0A /* ContentView.swift */; };
		1A8F34A729C77A4600327F0A /* Assets.xcassets in Resources */ = {isa = PBXBuildFile; fileRef = 1A8F34A629C77A4600327F0A /* Assets.xcassets */; };
		1A8F34AA29C77A4600327F0A /* Preview Assets.xcassets in Resources */ = {isa = PBXBuildFile; fileRef = 1A8F34A929C77A4600327F0A /* Preview Assets.xcassets */; };
		1A8F34B229C77E8800327F0A /* ViewModel.swift in Sources */ = {isa = PBXBuildFile; fileRef = 1A8F34B129C77E8800327F0A /* ViewModel.swift */; };
		1A8F34B429C77F6100327F0A /* MapView.swift in Sources */ = {isa = PBXBuildFile; fileRef = 1A8F34B329C77F6100327F0A /* MapView.swift */; };
		C78DB4AAB66B37F6C7EDEA27 /* libPods-PeopleInSpaceMac.a in Frameworks */ = {isa = PBXBuildFile; fileRef = 5D809AE337D821D77BB2A500 /* libPods-PeopleInSpaceMac.a */; };
/* End PBXBuildFile section */

/* Begin PBXFileReference section */
		17275EEF9356752DBCD0A198 /* Pods-PeopleInSpaceMac.release.xcconfig */ = {isa = PBXFileReference; includeInIndex = 1; lastKnownFileType = text.xcconfig; name = "Pods-PeopleInSpaceMac.release.xcconfig"; path = "Target Support Files/Pods-PeopleInSpaceMac/Pods-PeopleInSpaceMac.release.xcconfig"; sourceTree = "<group>"; };
		1A8F349F29C77A4500327F0A /* PeopleInSpaceMac.app */ = {isa = PBXFileReference; explicitFileType = wrapper.application; includeInIndex = 0; path = PeopleInSpaceMac.app; sourceTree = BUILT_PRODUCTS_DIR; };
		1A8F34A229C77A4500327F0A /* PeopleInSpaceMacApp.swift */ = {isa = PBXFileReference; lastKnownFileType = sourcecode.swift; path = PeopleInSpaceMacApp.swift; sourceTree = "<group>"; };
		1A8F34A429C77A4500327F0A /* ContentView.swift */ = {isa = PBXFileReference; lastKnownFileType = sourcecode.swift; path = ContentView.swift; sourceTree = "<group>"; };
		1A8F34A629C77A4600327F0A /* Assets.xcassets */ = {isa = PBXFileReference; lastKnownFileType = folder.assetcatalog; path = Assets.xcassets; sourceTree = "<group>"; };
		1A8F34A929C77A4600327F0A /* Preview Assets.xcassets */ = {isa = PBXFileReference; lastKnownFileType = folder.assetcatalog; path = "Preview Assets.xcassets"; sourceTree = "<group>"; };
		1A8F34AB29C77A4600327F0A /* PeopleInSpaceMac.entitlements */ = {isa = PBXFileReference; lastKnownFileType = text.plist.entitlements; path = PeopleInSpaceMac.entitlements; sourceTree = "<group>"; };
		1A8F34B129C77E8800327F0A /* ViewModel.swift */ = {isa = PBXFileReference; lastKnownFileType = sourcecode.swift; path = ViewModel.swift; sourceTree = "<group>"; };
		1A8F34B329C77F6100327F0A /* MapView.swift */ = {isa = PBXFileReference; lastKnownFileType = sourcecode.swift; path = MapView.swift; sourceTree = "<group>"; };
		4548B917AAFEA7A92E424D7C /* Pods-PeopleInSpaceMac.debug.xcconfig */ = {isa = PBXFileReference; includeInIndex = 1; lastKnownFileType = text.xcconfig; name = "Pods-PeopleInSpaceMac.debug.xcconfig"; path = "Target Support Files/Pods-PeopleInSpaceMac/Pods-PeopleInSpaceMac.debug.xcconfig"; sourceTree = "<group>"; };
		5D809AE337D821D77BB2A500 /* libPods-PeopleInSpaceMac.a */ = {isa = PBXFileReference; explicitFileType = archive.ar; includeInIndex = 0; path = "libPods-PeopleInSpaceMac.a"; sourceTree = BUILT_PRODUCTS_DIR; };
/* End PBXFileReference section */

/* Begin PBXFrameworksBuildPhase section */
		1A8F349C29C77A4500327F0A /* Frameworks */ = {
			isa = PBXFrameworksBuildPhase;
			buildActionMask = 2147483647;
			files = (
				C78DB4AAB66B37F6C7EDEA27 /* libPods-PeopleInSpaceMac.a in Frameworks */,
			);
			runOnlyForDeploymentPostprocessing = 0;
		};
/* End PBXFrameworksBuildPhase section */

/* Begin PBXGroup section */
		1A8F349629C77A4500327F0A = {
			isa = PBXGroup;
			children = (
				1A8F34A129C77A4500327F0A /* PeopleInSpaceMac */,
				1A8F34A029C77A4500327F0A /* Products */,
				EAE74A68434446BBC70045F1 /* Pods */,
				2E9A64C6260D15B224D94765 /* Frameworks */,
			);
			sourceTree = "<group>";
		};
		1A8F34A029C77A4500327F0A /* Products */ = {
			isa = PBXGroup;
			children = (
				1A8F349F29C77A4500327F0A /* PeopleInSpaceMac.app */,
			);
			name = Products;
			sourceTree = "<group>";
		};
		1A8F34A129C77A4500327F0A /* PeopleInSpaceMac */ = {
			isa = PBXGroup;
			children = (
				1A8F34A229C77A4500327F0A /* PeopleInSpaceMacApp.swift */,
				1A8F34A429C77A4500327F0A /* ContentView.swift */,
				1A8F34A629C77A4600327F0A /* Assets.xcassets */,
				1A8F34AB29C77A4600327F0A /* PeopleInSpaceMac.entitlements */,
				1A8F34A829C77A4600327F0A /* Preview Content */,
				1A8F34B129C77E8800327F0A /* ViewModel.swift */,
				1A8F34B329C77F6100327F0A /* MapView.swift */,
			);
			path = PeopleInSpaceMac;
			sourceTree = "<group>";
		};
		1A8F34A829C77A4600327F0A /* Preview Content */ = {
			isa = PBXGroup;
			children = (
				1A8F34A929C77A4600327F0A /* Preview Assets.xcassets */,
			);
			path = "Preview Content";
			sourceTree = "<group>";
		};
		2E9A64C6260D15B224D94765 /* Frameworks */ = {
			isa = PBXGroup;
			children = (
				5D809AE337D821D77BB2A500 /* libPods-PeopleInSpaceMac.a */,
			);
			name = Frameworks;
			sourceTree = "<group>";
		};
		EAE74A68434446BBC70045F1 /* Pods */ = {
			isa = PBXGroup;
			children = (
				4548B917AAFEA7A92E424D7C /* Pods-PeopleInSpaceMac.debug.xcconfig */,
				17275EEF9356752DBCD0A198 /* Pods-PeopleInSpaceMac.release.xcconfig */,
			);
			path = Pods;
			sourceTree = "<group>";
		};
/* End PBXGroup section */

/* Begin PBXNativeTarget section */
		1A8F349E29C77A4500327F0A /* PeopleInSpaceMac */ = {
			isa = PBXNativeTarget;
			buildConfigurationList = 1A8F34AE29C77A4600327F0A /* Build configuration list for PBXNativeTarget "PeopleInSpaceMac" */;
			buildPhases = (
				C6152520BB455E0EB18E69CD /* [CP] Check Pods Manifest.lock */,
				1A8F349B29C77A4500327F0A /* Sources */,
				1A8F349C29C77A4500327F0A /* Frameworks */,
				1A8F349D29C77A4500327F0A /* Resources */,
				8106D84FBBEEB8EF251D7935 /* [CP] Embed Pods Frameworks */,
			);
			buildRules = (
			);
			dependencies = (
			);
			name = PeopleInSpaceMac;
			productName = PeopleInSpaceMac;
			productReference = 1A8F349F29C77A4500327F0A /* PeopleInSpaceMac.app */;
			productType = "com.apple.product-type.application";
		};
/* End PBXNativeTarget section */

/* Begin PBXProject section */
		1A8F349729C77A4500327F0A /* Project object */ = {
			isa = PBXProject;
			attributes = {
				BuildIndependentTargetsInParallel = 1;
				LastSwiftUpdateCheck = 1420;
				LastUpgradeCheck = 1420;
				TargetAttributes = {
					1A8F349E29C77A4500327F0A = {
						CreatedOnToolsVersion = 14.2;
					};
				};
			};
			buildConfigurationList = 1A8F349A29C77A4500327F0A /* Build configuration list for PBXProject "PeopleInSpaceMac" */;
			compatibilityVersion = "Xcode 14.0";
			developmentRegion = en;
			hasScannedForEncodings = 0;
			knownRegions = (
				en,
				Base,
			);
			mainGroup = 1A8F349629C77A4500327F0A;
			productRefGroup = 1A8F34A029C77A4500327F0A /* Products */;
			projectDirPath = "";
			projectRoot = "";
			targets = (
				1A8F349E29C77A4500327F0A /* PeopleInSpaceMac */,
			);
		};
/* End PBXProject section */

/* Begin PBXResourcesBuildPhase section */
		1A8F349D29C77A4500327F0A /* Resources */ = {
			isa = PBXResourcesBuildPhase;
			buildActionMask = 2147483647;
			files = (
				1A8F34AA29C77A4600327F0A /* Preview Assets.xcassets in Resources */,
				1A8F34A729C77A4600327F0A /* Assets.xcassets in Resources */,
			);
			runOnlyForDeploymentPostprocessing = 0;
		};
/* End PBXResourcesBuildPhase section */

/* Begin PBXShellScriptBuildPhase section */
		8106D84FBBEEB8EF251D7935 /* [CP] Embed Pods Frameworks */ = {
			isa = PBXShellScriptBuildPhase;
			buildActionMask = 2147483647;
			files = (
			);
			inputFileListPaths = (
				"${PODS_ROOT}/Target Support Files/Pods-PeopleInSpaceMac/Pods-PeopleInSpaceMac-frameworks-${CONFIGURATION}-input-files.xcfilelist",
			);
			name = "[CP] Embed Pods Frameworks";
			outputFileListPaths = (
				"${PODS_ROOT}/Target Support Files/Pods-PeopleInSpaceMac/Pods-PeopleInSpaceMac-frameworks-${CONFIGURATION}-output-files.xcfilelist",
			);
			runOnlyForDeploymentPostprocessing = 0;
			shellPath = /bin/sh;
			shellScript = "\"${PODS_ROOT}/Target Support Files/Pods-PeopleInSpaceMac/Pods-PeopleInSpaceMac-frameworks.sh\"\n";
			showEnvVarsInLog = 0;
		};
		C6152520BB455E0EB18E69CD /* [CP] Check Pods Manifest.lock */ = {
			isa = PBXShellScriptBuildPhase;
			buildActionMask = 2147483647;
			files = (
			);
			inputFileListPaths = (
			);
			inputPaths = (
				"${PODS_PODFILE_DIR_PATH}/Podfile.lock",
				"${PODS_ROOT}/Manifest.lock",
			);
			name = "[CP] Check Pods Manifest.lock";
			outputFileListPaths = (
			);
			outputPaths = (
				"$(DERIVED_FILE_DIR)/Pods-PeopleInSpaceMac-checkManifestLockResult.txt",
			);
			runOnlyForDeploymentPostprocessing = 0;
			shellPath = /bin/sh;
			shellScript = "diff \"${PODS_PODFILE_DIR_PATH}/Podfile.lock\" \"${PODS_ROOT}/Manifest.lock\" > /dev/null\nif [ $? != 0 ] ; then\n    # print error to STDERR\n    echo \"error: The sandbox is not in sync with the Podfile.lock. Run 'pod install' or update your CocoaPods installation.\" >&2\n    exit 1\nfi\n# This output is used by Xcode 'outputs' to avoid re-running this script phase.\necho \"SUCCESS\" > \"${SCRIPT_OUTPUT_FILE_0}\"\n";
			showEnvVarsInLog = 0;
		};
/* End PBXShellScriptBuildPhase section */

/* Begin PBXSourcesBuildPhase section */
		1A8F349B29C77A4500327F0A /* Sources */ = {
			isa = PBXSourcesBuildPhase;
			buildActionMask = 2147483647;
			files = (
				1A8F34A529C77A4500327F0A /* ContentView.swift in Sources */,
				1A8F34B429C77F6100327F0A /* MapView.swift in Sources */,
				1A8F34B229C77E8800327F0A /* ViewModel.swift in Sources */,
				1A8F34A329C77A4500327F0A /* PeopleInSpaceMacApp.swift in Sources */,
			);
			runOnlyForDeploymentPostprocessing = 0;
		};
/* End PBXSourcesBuildPhase section */

/* Begin XCBuildConfiguration section */
		1A8F34AC29C77A4600327F0A /* Debug */ = {
			isa = XCBuildConfiguration;
			buildSettings = {
				ALWAYS_SEARCH_USER_PATHS = NO;
				CLANG_ANALYZER_NONNULL = YES;
				CLANG_ANALYZER_NUMBER_OBJECT_CONVERSION = YES_AGGRESSIVE;
				CLANG_CXX_LANGUAGE_STANDARD = "gnu++20";
				CLANG_ENABLE_MODULES = YES;
				CLANG_ENABLE_OBJC_ARC = YES;
				CLANG_ENABLE_OBJC_WEAK = YES;
				CLANG_WARN_BLOCK_CAPTURE_AUTORELEASING = YES;
				CLANG_WARN_BOOL_CONVERSION = YES;
				CLANG_WARN_COMMA = YES;
				CLANG_WARN_CONSTANT_CONVERSION = YES;
				CLANG_WARN_DEPRECATED_OBJC_IMPLEMENTATIONS = YES;
				CLANG_WARN_DIRECT_OBJC_ISA_USAGE = YES_ERROR;
				CLANG_WARN_DOCUMENTATION_COMMENTS = YES;
				CLANG_WARN_EMPTY_BODY = YES;
				CLANG_WARN_ENUM_CONVERSION = YES;
				CLANG_WARN_INFINITE_RECURSION = YES;
				CLANG_WARN_INT_CONVERSION = YES;
				CLANG_WARN_NON_LITERAL_NULL_CONVERSION = YES;
				CLANG_WARN_OBJC_IMPLICIT_RETAIN_SELF = YES;
				CLANG_WARN_OBJC_LITERAL_CONVERSION = YES;
				CLANG_WARN_OBJC_ROOT_CLASS = YES_ERROR;
				CLANG_WARN_QUOTED_INCLUDE_IN_FRAMEWORK_HEADER = YES;
				CLANG_WARN_RANGE_LOOP_ANALYSIS = YES;
				CLANG_WARN_STRICT_PROTOTYPES = YES;
				CLANG_WARN_SUSPICIOUS_MOVE = YES;
				CLANG_WARN_UNGUARDED_AVAILABILITY = YES_AGGRESSIVE;
				CLANG_WARN_UNREACHABLE_CODE = YES;
				CLANG_WARN__DUPLICATE_METHOD_MATCH = YES;
				COPY_PHASE_STRIP = NO;
				DEBUG_INFORMATION_FORMAT = dwarf;
				ENABLE_STRICT_OBJC_MSGSEND = YES;
				ENABLE_TESTABILITY = YES;
				GCC_C_LANGUAGE_STANDARD = gnu11;
				GCC_DYNAMIC_NO_PIC = NO;
				GCC_NO_COMMON_BLOCKS = YES;
				GCC_OPTIMIZATION_LEVEL = 0;
				GCC_PREPROCESSOR_DEFINITIONS = (
					"DEBUG=1",
					"$(inherited)",
				);
				GCC_WARN_64_TO_32_BIT_CONVERSION = YES;
				GCC_WARN_ABOUT_RETURN_TYPE = YES_ERROR;
				GCC_WARN_UNDECLARED_SELECTOR = YES;
				GCC_WARN_UNINITIALIZED_AUTOS = YES_AGGRESSIVE;
				GCC_WARN_UNUSED_FUNCTION = YES;
				GCC_WARN_UNUSED_VARIABLE = YES;
				MACOSX_DEPLOYMENT_TARGET = 13.1;
				MTL_ENABLE_DEBUG_INFO = INCLUDE_SOURCE;
				MTL_FAST_MATH = YES;
				ONLY_ACTIVE_ARCH = YES;
				SDKROOT = macosx;
				SWIFT_ACTIVE_COMPILATION_CONDITIONS = DEBUG;
				SWIFT_OPTIMIZATION_LEVEL = "-Onone";
			};
			name = Debug;
		};
		1A8F34AD29C77A4600327F0A /* Release */ = {
			isa = XCBuildConfiguration;
			buildSettings = {
				ALWAYS_SEARCH_USER_PATHS = NO;
				CLANG_ANALYZER_NONNULL = YES;
				CLANG_ANALYZER_NUMBER_OBJECT_CONVERSION = YES_AGGRESSIVE;
				CLANG_CXX_LANGUAGE_STANDARD = "gnu++20";
				CLANG_ENABLE_MODULES = YES;
				CLANG_ENABLE_OBJC_ARC = YES;
				CLANG_ENABLE_OBJC_WEAK = YES;
				CLANG_WARN_BLOCK_CAPTURE_AUTORELEASING = YES;
				CLANG_WARN_BOOL_CONVERSION = YES;
				CLANG_WARN_COMMA = YES;
				CLANG_WARN_CONSTANT_CONVERSION = YES;
				CLANG_WARN_DEPRECATED_OBJC_IMPLEMENTATIONS = YES;
				CLANG_WARN_DIRECT_OBJC_ISA_USAGE = YES_ERROR;
				CLANG_WARN_DOCUMENTATION_COMMENTS = YES;
				CLANG_WARN_EMPTY_BODY = YES;
				CLANG_WARN_ENUM_CONVERSION = YES;
				CLANG_WARN_INFINITE_RECURSION = YES;
				CLANG_WARN_INT_CONVERSION = YES;
				CLANG_WARN_NON_LITERAL_NULL_CONVERSION = YES;
				CLANG_WARN_OBJC_IMPLICIT_RETAIN_SELF = YES;
				CLANG_WARN_OBJC_LITERAL_CONVERSION = YES;
				CLANG_WARN_OBJC_ROOT_CLASS = YES_ERROR;
				CLANG_WARN_QUOTED_INCLUDE_IN_FRAMEWORK_HEADER = YES;
				CLANG_WARN_RANGE_LOOP_ANALYSIS = YES;
				CLANG_WARN_STRICT_PROTOTYPES = YES;
				CLANG_WARN_SUSPICIOUS_MOVE = YES;
				CLANG_WARN_UNGUARDED_AVAILABILITY = YES_AGGRESSIVE;
				CLANG_WARN_UNREACHABLE_CODE = YES;
				CLANG_WARN__DUPLICATE_METHOD_MATCH = YES;
				COPY_PHASE_STRIP = NO;
				DEBUG_INFORMATION_FORMAT = "dwarf-with-dsym";
				ENABLE_NS_ASSERTIONS = NO;
				ENABLE_STRICT_OBJC_MSGSEND = YES;
				GCC_C_LANGUAGE_STANDARD = gnu11;
				GCC_NO_COMMON_BLOCKS = YES;
				GCC_WARN_64_TO_32_BIT_CONVERSION = YES;
				GCC_WARN_ABOUT_RETURN_TYPE = YES_ERROR;
				GCC_WARN_UNDECLARED_SELECTOR = YES;
				GCC_WARN_UNINITIALIZED_AUTOS = YES_AGGRESSIVE;
				GCC_WARN_UNUSED_FUNCTION = YES;
				GCC_WARN_UNUSED_VARIABLE = YES;
				MACOSX_DEPLOYMENT_TARGET = 13.1;
				MTL_ENABLE_DEBUG_INFO = NO;
				MTL_FAST_MATH = YES;
				SDKROOT = macosx;
				SWIFT_COMPILATION_MODE = wholemodule;
				SWIFT_OPTIMIZATION_LEVEL = "-O";
			};
			name = Release;
		};
		1A8F34AF29C77A4600327F0A /* Debug */ = {
			isa = XCBuildConfiguration;
			baseConfigurationReference = 4548B917AAFEA7A92E424D7C /* Pods-PeopleInSpaceMac.debug.xcconfig */;
			buildSettings = {
				ASSETCATALOG_COMPILER_APPICON_NAME = AppIcon;
				ASSETCATALOG_COMPILER_GLOBAL_ACCENT_COLOR_NAME = AccentColor;
				CODE_SIGN_ENTITLEMENTS = PeopleInSpaceMac/PeopleInSpaceMac.entitlements;
				CODE_SIGN_STYLE = Automatic;
				COMBINE_HIDPI_IMAGES = YES;
				CURRENT_PROJECT_VERSION = 1;
				DEVELOPMENT_ASSET_PATHS = "\"PeopleInSpaceMac/Preview Content\"";
				DEVELOPMENT_TEAM = NT77748GS8;
				ENABLE_HARDENED_RUNTIME = YES;
				ENABLE_PREVIEWS = YES;
				GENERATE_INFOPLIST_FILE = YES;
				INFOPLIST_KEY_NSHumanReadableCopyright = "";
				LD_RUNPATH_SEARCH_PATHS = (
					"$(inherited)",
					"@executable_path/../Frameworks",
				);
				MARKETING_VERSION = 1.0;
				PRODUCT_BUNDLE_IDENTIFIER = dev.johnoreilly..PeopleInSpaceMac;
				PRODUCT_NAME = "$(TARGET_NAME)";
				SWIFT_EMIT_LOC_STRINGS = YES;
				SWIFT_VERSION = 5.0;
			};
			name = Debug;
		};
		1A8F34B029C77A4600327F0A /* Release */ = {
			isa = XCBuildConfiguration;
			baseConfigurationReference = 17275EEF9356752DBCD0A198 /* Pods-PeopleInSpaceMac.release.xcconfig */;
			buildSettings = {
				ASSETCATALOG_COMPILER_APPICON_NAME = AppIcon;
				ASSETCATALOG_COMPILER_GLOBAL_ACCENT_COLOR_NAME = AccentColor;
				CODE_SIGN_ENTITLEMENTS = PeopleInSpaceMac/PeopleInSpaceMac.entitlements;
				CODE_SIGN_STYLE = Automatic;
				COMBINE_HIDPI_IMAGES = YES;
				CURRENT_PROJECT_VERSION = 1;
				DEVELOPMENT_ASSET_PATHS = "\"PeopleInSpaceMac/Preview Content\"";
				DEVELOPMENT_TEAM = NT77748GS8;
				ENABLE_HARDENED_RUNTIME = YES;
				ENABLE_PREVIEWS = YES;
				GENERATE_INFOPLIST_FILE = YES;
				INFOPLIST_KEY_NSHumanReadableCopyright = "";
				LD_RUNPATH_SEARCH_PATHS = (
					"$(inherited)",
					"@executable_path/../Frameworks",
				);
				MARKETING_VERSION = 1.0;
				PRODUCT_BUNDLE_IDENTIFIER = dev.johnoreilly..PeopleInSpaceMac;
				PRODUCT_NAME = "$(TARGET_NAME)";
				SWIFT_EMIT_LOC_STRINGS = YES;
				SWIFT_VERSION = 5.0;
			};
			name = Release;
		};
/* End XCBuildConfiguration section */

/* Begin XCConfigurationList section */
		1A8F349A29C77A4500327F0A /* Build configuration list for PBXProject "PeopleInSpaceMac" */ = {
			isa = XCConfigurationList;
			buildConfigurations = (
				1A8F34AC29C77A4600327F0A /* Debug */,
				1A8F34AD29C77A4600327F0A /* Release */,
			);
			defaultConfigurationIsVisible = 0;
			defaultConfigurationName = Release;
		};
		1A8F34AE29C77A4600327F0A /* Build configuration list for PBXNativeTarget "PeopleInSpaceMac" */ = {
			isa = XCConfigurationList;
			buildConfigurations = (
				1A8F34AF29C77A4600327F0A /* Debug */,
				1A8F34B029C77A4600327F0A /* Release */,
			);
			defaultConfigurationIsVisible = 0;
			defaultConfigurationName = Release;
		};
/* End XCConfigurationList section */
	};
	rootObject = 1A8F349729C77A4500327F0A /* Project object */;
}
